
Microsoft Visual Studio Solution File, Format Version 12.00
# Visual Studio Version 16
VisualStudioVersion = 16.0.31515.178
MinimumVisualStudioVersion = 10.0.40219.1
Project("{FAE04EC0-301F-11D3-BF4B-00C04F79EFBC}") = "Csharp_Lecture97_SELECT", "Csharp_Lecture97_SELECT\Csharp_Lecture97_SELECT.csproj", "{0240CCD9-C4BE-43C2-A376-F485F785C6F3}"
EndProject
Global
	GlobalSection(SolutionConfigurationPlatforms) = preSolution
		Debug|Any CPU = Debug|Any CPU
		Release|Any CPU = Release|Any CPU
	EndGlobalSection
	GlobalSection(ProjectConfigurationPlatforms) = postSolution
		{0240CCD9-C4BE-43C2-A376-F485F785C6F3}.Debug|Any CPU.ActiveCfg = Debug|Any CPU
		{0240CCD9-C4BE-43C2-A376-F485F785C6F3}.Debug|Any CPU.Build.0 = Debug|Any CPU
		{0240CCD9-C4BE-43C2-A376-F485F785C6F3}.Release|Any CPU.ActiveCfg = Release|Any CPU
		{0240CCD9-C4BE-43C2-A376-F485F785C6F3}.Release|Any CPU.Build.0 = Release|Any CPU
	EndGlobalSection
	GlobalSection(SolutionProperties) = preSolution
		HideSolutionNode = FALSE
	EndGlobalSection
	GlobalSection(ExtensibilityGlobals) = postSolution
		SolutionGuid = {BEE8EF4D-C01A-4EC2-BA78-DAE20DAB7B4B}
	EndGlobalSection
EndGlobal
